// !$*UTF8*$!
{
	archiveVersion = 1;
	classes = {
	};
	objectVersion = 55;
	objects = {

/* Begin PBXBuildFile section */
		857031F828BF344800D25CAB /* AppDelegate.swift in Sources */ = {isa = PBXBuildFile; fileRef = 857031F728BF344800D25CAB /* AppDelegate.swift */; };
		857031FA28BF344800D25CAB /* SceneDelegate.swift in Sources */ = {isa = PBXBuildFile; fileRef = 857031F928BF344800D25CAB /* SceneDelegate.swift */; };
		857031FF28BF344800D25CAB /* Main.storyboard in Resources */ = {isa = PBXBuildFile; fileRef = 857031FD28BF344800D25CAB /* Main.storyboard */; };
		8570320128BF344800D25CAB /* Assets.xcassets in Resources */ = {isa = PBXBuildFile; fileRef = 8570320028BF344800D25CAB /* Assets.xcassets */; };
		8570320428BF344800D25CAB /* LaunchScreen.storyboard in Resources */ = {isa = PBXBuildFile; fileRef = 8570320228BF344800D25CAB /* LaunchScreen.storyboard */; };
		8570320E28BF35F500D25CAB /* BaseView.swift in Sources */ = {isa = PBXBuildFile; fileRef = 8570320D28BF35F500D25CAB /* BaseView.swift */; };
		8570321028BF368000D25CAB /* BaseViewController.swift in Sources */ = {isa = PBXBuildFile; fileRef = 8570320F28BF368000D25CAB /* BaseViewController.swift */; };
		8570321228BF376B00D25CAB /* MemoListViewController.swift in Sources */ = {isa = PBXBuildFile; fileRef = 8570321128BF376B00D25CAB /* MemoListViewController.swift */; };
		8570321428BF384A00D25CAB /* MemoListView.swift in Sources */ = {isa = PBXBuildFile; fileRef = 8570321328BF384A00D25CAB /* MemoListView.swift */; };
		8570321728BF3EB200D25CAB /* SnapKit in Frameworks */ = {isa = PBXBuildFile; productRef = 8570321628BF3EB200D25CAB /* SnapKit */; };
		8570321A28BF42A900D25CAB /* ReusableProtocol.swift in Sources */ = {isa = PBXBuildFile; fileRef = 8570321928BF42A900D25CAB /* ReusableProtocol.swift */; };
		8570321C28BF437900D25CAB /* MemoListTableViewCell.swift in Sources */ = {isa = PBXBuildFile; fileRef = 8570321B28BF437900D25CAB /* MemoListTableViewCell.swift */; };
		8570321F28BF507F00D25CAB /* UIColor+Extension.swift in Sources */ = {isa = PBXBuildFile; fileRef = 8570321E28BF507F00D25CAB /* UIColor+Extension.swift */; };
		857541AD28C5195F004DD880 /* WalkThroughViewController.swift in Sources */ = {isa = PBXBuildFile; fileRef = 857541AC28C5195F004DD880 /* WalkThroughViewController.swift */; };
		857541AF28C51994004DD880 /* WalkThroughView.swift in Sources */ = {isa = PBXBuildFile; fileRef = 857541AE28C51994004DD880 /* WalkThroughView.swift */; };
		85C1381828FE7E3200ACBC8E /* MemoPreViewController.swift in Sources */ = {isa = PBXBuildFile; fileRef = 85C1381728FE7E3200ACBC8E /* MemoPreViewController.swift */; };
		85C1381A28FE85B500ACBC8E /* MemoPreView.swift in Sources */ = {isa = PBXBuildFile; fileRef = 85C1381928FE85B500ACBC8E /* MemoPreView.swift */; };
		85EE9D5928C0AA2700BFA754 /* WriteViewController.swift in Sources */ = {isa = PBXBuildFile; fileRef = 85EE9D5828C0AA2700BFA754 /* WriteViewController.swift */; };
		85EE9D5B28C0AA4400BFA754 /* WriteView.swift in Sources */ = {isa = PBXBuildFile; fileRef = 85EE9D5A28C0AA4400BFA754 /* WriteView.swift */; };
		85EE9D6028C0E40300BFA754 /* Realm in Frameworks */ = {isa = PBXBuildFile; productRef = 85EE9D5F28C0E40300BFA754 /* Realm */; };
		85EE9D6228C0E40300BFA754 /* RealmSwift in Frameworks */ = {isa = PBXBuildFile; productRef = 85EE9D6128C0E40300BFA754 /* RealmSwift */; };
		85EE9D6528C0EAF200BFA754 /* RealmModel.swift in Sources */ = {isa = PBXBuildFile; fileRef = 85EE9D6428C0EAF200BFA754 /* RealmModel.swift */; };
		85EE9D6728C0ECDC00BFA754 /* UserMemoRepository.swift in Sources */ = {isa = PBXBuildFile; fileRef = 85EE9D6628C0ECDC00BFA754 /* UserMemoRepository.swift */; };
		85EE9D6928C0ED0400BFA754 /* UserMemoRepositoryType.swift in Sources */ = {isa = PBXBuildFile; fileRef = 85EE9D6828C0ED0400BFA754 /* UserMemoRepositoryType.swift */; };
/* End PBXBuildFile section */

/* Begin PBXFileReference section */
		857031F428BF344800D25CAB /* MemoApp.app */ = {isa = PBXFileReference; explicitFileType = wrapper.application; includeInIndex = 0; path = MemoApp.app; sourceTree = BUILT_PRODUCTS_DIR; };
		857031F728BF344800D25CAB /* AppDelegate.swift */ = {isa = PBXFileReference; lastKnownFileType = sourcecode.swift; path = AppDelegate.swift; sourceTree = "<group>"; };
		857031F928BF344800D25CAB /* SceneDelegate.swift */ = {isa = PBXFileReference; lastKnownFileType = sourcecode.swift; path = SceneDelegate.swift; sourceTree = "<group>"; };
		857031FE28BF344800D25CAB /* Base */ = {isa = PBXFileReference; lastKnownFileType = file.storyboard; name = Base; path = Base.lproj/Main.storyboard; sourceTree = "<group>"; };
		8570320028BF344800D25CAB /* Assets.xcassets */ = {isa = PBXFileReference; lastKnownFileType = folder.assetcatalog; path = Assets.xcassets; sourceTree = "<group>"; };
		8570320328BF344800D25CAB /* Base */ = {isa = PBXFileReference; lastKnownFileType = file.storyboard; name = Base; path = Base.lproj/LaunchScreen.storyboard; sourceTree = "<group>"; };
		8570320528BF344800D25CAB /* Info.plist */ = {isa = PBXFileReference; lastKnownFileType = text.plist.xml; path = Info.plist; sourceTree = "<group>"; };
		8570320D28BF35F500D25CAB /* BaseView.swift */ = {isa = PBXFileReference; lastKnownFileType = sourcecode.swift; path = BaseView.swift; sourceTree = "<group>"; };
		8570320F28BF368000D25CAB /* BaseViewController.swift */ = {isa = PBXFileReference; lastKnownFileType = sourcecode.swift; path = BaseViewController.swift; sourceTree = "<group>"; };
		8570321128BF376B00D25CAB /* MemoListViewController.swift */ = {isa = PBXFileReference; lastKnownFileType = sourcecode.swift; path = MemoListViewController.swift; sourceTree = "<group>"; };
		8570321328BF384A00D25CAB /* MemoListView.swift */ = {isa = PBXFileReference; lastKnownFileType = sourcecode.swift; path = MemoListView.swift; sourceTree = "<group>"; };
		8570321928BF42A900D25CAB /* ReusableProtocol.swift */ = {isa = PBXFileReference; lastKnownFileType = sourcecode.swift; path = ReusableProtocol.swift; sourceTree = "<group>"; };
		8570321B28BF437900D25CAB /* MemoListTableViewCell.swift */ = {isa = PBXFileReference; lastKnownFileType = sourcecode.swift; path = MemoListTableViewCell.swift; sourceTree = "<group>"; };
		8570321E28BF507F00D25CAB /* UIColor+Extension.swift */ = {isa = PBXFileReference; lastKnownFileType = sourcecode.swift; path = "UIColor+Extension.swift"; sourceTree = "<group>"; };
		857541AC28C5195F004DD880 /* WalkThroughViewController.swift */ = {isa = PBXFileReference; lastKnownFileType = sourcecode.swift; path = WalkThroughViewController.swift; sourceTree = "<group>"; };
		857541AE28C51994004DD880 /* WalkThroughView.swift */ = {isa = PBXFileReference; lastKnownFileType = sourcecode.swift; path = WalkThroughView.swift; sourceTree = "<group>"; };
		85C1381728FE7E3200ACBC8E /* MemoPreViewController.swift */ = {isa = PBXFileReference; lastKnownFileType = sourcecode.swift; path = MemoPreViewController.swift; sourceTree = "<group>"; };
		85C1381928FE85B500ACBC8E /* MemoPreView.swift */ = {isa = PBXFileReference; lastKnownFileType = sourcecode.swift; path = MemoPreView.swift; sourceTree = "<group>"; };
		85EE9D5828C0AA2700BFA754 /* WriteViewController.swift */ = {isa = PBXFileReference; lastKnownFileType = sourcecode.swift; path = WriteViewController.swift; sourceTree = "<group>"; };
		85EE9D5A28C0AA4400BFA754 /* WriteView.swift */ = {isa = PBXFileReference; lastKnownFileType = sourcecode.swift; path = WriteView.swift; sourceTree = "<group>"; };
		85EE9D6428C0EAF200BFA754 /* RealmModel.swift */ = {isa = PBXFileReference; lastKnownFileType = sourcecode.swift; path = RealmModel.swift; sourceTree = "<group>"; };
		85EE9D6628C0ECDC00BFA754 /* UserMemoRepository.swift */ = {isa = PBXFileReference; lastKnownFileType = sourcecode.swift; path = UserMemoRepository.swift; sourceTree = "<group>"; };
		85EE9D6828C0ED0400BFA754 /* UserMemoRepositoryType.swift */ = {isa = PBXFileReference; lastKnownFileType = sourcecode.swift; path = UserMemoRepositoryType.swift; sourceTree = "<group>"; };
/* End PBXFileReference section */

/* Begin PBXFrameworksBuildPhase section */
		857031F128BF344800D25CAB /* Frameworks */ = {
			isa = PBXFrameworksBuildPhase;
			buildActionMask = 2147483647;
			files = (
				85EE9D6228C0E40300BFA754 /* RealmSwift in Frameworks */,
				85EE9D6028C0E40300BFA754 /* Realm in Frameworks */,
				8570321728BF3EB200D25CAB /* SnapKit in Frameworks */,
			);
			runOnlyForDeploymentPostprocessing = 0;
		};
/* End PBXFrameworksBuildPhase section */

/* Begin PBXGroup section */
		857031EB28BF344800D25CAB = {
			isa = PBXGroup;
			children = (
				857031F628BF344800D25CAB /* MemoApp */,
				857031F528BF344800D25CAB /* Products */,
			);
			sourceTree = "<group>";
		};
		857031F528BF344800D25CAB /* Products */ = {
			isa = PBXGroup;
			children = (
				857031F428BF344800D25CAB /* MemoApp.app */,
			);
			name = Products;
			sourceTree = "<group>";
		};
		857031F628BF344800D25CAB /* MemoApp */ = {
			isa = PBXGroup;
			children = (
				857541AB28C51903004DD880 /* WalkThrough */,
				85EE9D6328C0EADC00BFA754 /* Realm */,
				85EE9D5728C0AA0C00BFA754 /* Write */,
				8570321D28BF507100D25CAB /* Extension */,
				8570321828BF423100D25CAB /* Protocol */,
				8570320C28BF35DF00D25CAB /* Utility */,
				8570320B28BF35C700D25CAB /* MemoList */,
				857031F728BF344800D25CAB /* AppDelegate.swift */,
				857031F928BF344800D25CAB /* SceneDelegate.swift */,
				857031FD28BF344800D25CAB /* Main.storyboard */,
				8570320028BF344800D25CAB /* Assets.xcassets */,
				8570320228BF344800D25CAB /* LaunchScreen.storyboard */,
				8570320528BF344800D25CAB /* Info.plist */,
			);
			path = MemoApp;
			sourceTree = "<group>";
		};
		8570320B28BF35C700D25CAB /* MemoList */ = {
			isa = PBXGroup;
			children = (
				8570321128BF376B00D25CAB /* MemoListViewController.swift */,
				85C1381728FE7E3200ACBC8E /* MemoPreViewController.swift */,
				8570321328BF384A00D25CAB /* MemoListView.swift */,
				85C1381928FE85B500ACBC8E /* MemoPreView.swift */,
				8570321B28BF437900D25CAB /* MemoListTableViewCell.swift */,
			);
			path = MemoList;
			sourceTree = "<group>";
		};
		8570320C28BF35DF00D25CAB /* Utility */ = {
			isa = PBXGroup;
			children = (
				8570320D28BF35F500D25CAB /* BaseView.swift */,
				8570320F28BF368000D25CAB /* BaseViewController.swift */,
			);
			path = Utility;
			sourceTree = "<group>";
		};
		8570321828BF423100D25CAB /* Protocol */ = {
			isa = PBXGroup;
			children = (
				8570321928BF42A900D25CAB /* ReusableProtocol.swift */,
				85EE9D6828C0ED0400BFA754 /* UserMemoRepositoryType.swift */,
			);
			path = Protocol;
			sourceTree = "<group>";
		};
		8570321D28BF507100D25CAB /* Extension */ = {
			isa = PBXGroup;
			children = (
				8570321E28BF507F00D25CAB /* UIColor+Extension.swift */,
			);
			path = Extension;
			sourceTree = "<group>";
		};
		857541AB28C51903004DD880 /* WalkThrough */ = {
			isa = PBXGroup;
			children = (
				857541AC28C5195F004DD880 /* WalkThroughViewController.swift */,
				857541AE28C51994004DD880 /* WalkThroughView.swift */,
			);
			path = WalkThrough;
			sourceTree = "<group>";
		};
		85EE9D5728C0AA0C00BFA754 /* Write */ = {
			isa = PBXGroup;
			children = (
				85EE9D5828C0AA2700BFA754 /* WriteViewController.swift */,
				85EE9D5A28C0AA4400BFA754 /* WriteView.swift */,
			);
			path = Write;
			sourceTree = "<group>";
		};
		85EE9D6328C0EADC00BFA754 /* Realm */ = {
			isa = PBXGroup;
			children = (
				85EE9D6428C0EAF200BFA754 /* RealmModel.swift */,
				85EE9D6628C0ECDC00BFA754 /* UserMemoRepository.swift */,
			);
			path = Realm;
			sourceTree = "<group>";
		};
/* End PBXGroup section */

/* Begin PBXNativeTarget section */
		857031F328BF344800D25CAB /* MemoApp */ = {
			isa = PBXNativeTarget;
			buildConfigurationList = 8570320828BF344800D25CAB /* Build configuration list for PBXNativeTarget "MemoApp" */;
			buildPhases = (
				857031F028BF344800D25CAB /* Sources */,
				857031F128BF344800D25CAB /* Frameworks */,
				857031F228BF344800D25CAB /* Resources */,
			);
			buildRules = (
			);
			dependencies = (
			);
			name = MemoApp;
			packageProductDependencies = (
				8570321628BF3EB200D25CAB /* SnapKit */,
				85EE9D5F28C0E40300BFA754 /* Realm */,
				85EE9D6128C0E40300BFA754 /* RealmSwift */,
			);
			productName = MemoApp;
			productReference = 857031F428BF344800D25CAB /* MemoApp.app */;
			productType = "com.apple.product-type.application";
		};
/* End PBXNativeTarget section */

/* Begin PBXProject section */
		857031EC28BF344800D25CAB /* Project object */ = {
			isa = PBXProject;
			attributes = {
				BuildIndependentTargetsInParallel = 1;
				LastSwiftUpdateCheck = 1340;
				LastUpgradeCheck = 1340;
				TargetAttributes = {
					857031F328BF344800D25CAB = {
						CreatedOnToolsVersion = 13.4.1;
					};
				};
			};
			buildConfigurationList = 857031EF28BF344800D25CAB /* Build configuration list for PBXProject "MemoApp" */;
			compatibilityVersion = "Xcode 13.0";
			developmentRegion = en;
			hasScannedForEncodings = 0;
			knownRegions = (
				en,
				Base,
			);
			mainGroup = 857031EB28BF344800D25CAB;
			packageReferences = (
				8570321528BF3EB200D25CAB /* XCRemoteSwiftPackageReference "SnapKit" */,
				85EE9D5E28C0E40300BFA754 /* XCRemoteSwiftPackageReference "realm-swift" */,
			);
			productRefGroup = 857031F528BF344800D25CAB /* Products */;
			projectDirPath = "";
			projectRoot = "";
			targets = (
				857031F328BF344800D25CAB /* MemoApp */,
			);
		};
/* End PBXProject section */

/* Begin PBXResourcesBuildPhase section */
		857031F228BF344800D25CAB /* Resources */ = {
			isa = PBXResourcesBuildPhase;
			buildActionMask = 2147483647;
			files = (
				8570320428BF344800D25CAB /* LaunchScreen.storyboard in Resources */,
				8570320128BF344800D25CAB /* Assets.xcassets in Resources */,
				857031FF28BF344800D25CAB /* Main.storyboard in Resources */,
			);
			runOnlyForDeploymentPostprocessing = 0;
		};
/* End PBXResourcesBuildPhase section */

/* Begin PBXSourcesBuildPhase section */
		857031F028BF344800D25CAB /* Sources */ = {
			isa = PBXSourcesBuildPhase;
			buildActionMask = 2147483647;
			files = (
				8570321028BF368000D25CAB /* BaseViewController.swift in Sources */,
				85EE9D5928C0AA2700BFA754 /* WriteViewController.swift in Sources */,
				85EE9D6928C0ED0400BFA754 /* UserMemoRepositoryType.swift in Sources */,
				85C1381828FE7E3200ACBC8E /* MemoPreViewController.swift in Sources */,
				8570321C28BF437900D25CAB /* MemoListTableViewCell.swift in Sources */,
				8570321228BF376B00D25CAB /* MemoListViewController.swift in Sources */,
				857031F828BF344800D25CAB /* AppDelegate.swift in Sources */,
				8570321428BF384A00D25CAB /* MemoListView.swift in Sources */,
				857031FA28BF344800D25CAB /* SceneDelegate.swift in Sources */,
				857541AD28C5195F004DD880 /* WalkThroughViewController.swift in Sources */,
				85EE9D5B28C0AA4400BFA754 /* WriteView.swift in Sources */,
				8570321A28BF42A900D25CAB /* ReusableProtocol.swift in Sources */,
				85C1381A28FE85B500ACBC8E /* MemoPreView.swift in Sources */,
				85EE9D6728C0ECDC00BFA754 /* UserMemoRepository.swift in Sources */,
				8570320E28BF35F500D25CAB /* BaseView.swift in Sources */,
				85EE9D6528C0EAF200BFA754 /* RealmModel.swift in Sources */,
				8570321F28BF507F00D25CAB /* UIColor+Extension.swift in Sources */,
				857541AF28C51994004DD880 /* WalkThroughView.swift in Sources */,
			);
			runOnlyForDeploymentPostprocessing = 0;
		};
/* End PBXSourcesBuildPhase section */

/* Begin PBXVariantGroup section */
		857031FD28BF344800D25CAB /* Main.storyboard */ = {
			isa = PBXVariantGroup;
			children = (
				857031FE28BF344800D25CAB /* Base */,
			);
			name = Main.storyboard;
			sourceTree = "<group>";
		};
		8570320228BF344800D25CAB /* LaunchScreen.storyboard */ = {
			isa = PBXVariantGroup;
			children = (
				8570320328BF344800D25CAB /* Base */,
			);
			name = LaunchScreen.storyboard;
			sourceTree = "<group>";
		};
/* End PBXVariantGroup section */

/* Begin XCBuildConfiguration section */
		8570320628BF344800D25CAB /* Debug */ = {
			isa = XCBuildConfiguration;
			buildSettings = {
				ALWAYS_SEARCH_USER_PATHS = NO;
				CLANG_ANALYZER_NONNULL = YES;
				CLANG_ANALYZER_NUMBER_OBJECT_CONVERSION = YES_AGGRESSIVE;
				CLANG_CXX_LANGUAGE_STANDARD = "gnu++17";
				CLANG_ENABLE_MODULES = YES;
				CLANG_ENABLE_OBJC_ARC = YES;
				CLANG_ENABLE_OBJC_WEAK = YES;
				CLANG_WARN_BLOCK_CAPTURE_AUTORELEASING = YES;
				CLANG_WARN_BOOL_CONVERSION = YES;
				CLANG_WARN_COMMA = YES;
				CLANG_WARN_CONSTANT_CONVERSION = YES;
				CLANG_WARN_DEPRECATED_OBJC_IMPLEMENTATIONS = YES;
				CLANG_WARN_DIRECT_OBJC_ISA_USAGE = YES_ERROR;
				CLANG_WARN_DOCUMENTATION_COMMENTS = YES;
				CLANG_WARN_EMPTY_BODY = YES;
				CLANG_WARN_ENUM_CONVERSION = YES;
				CLANG_WARN_INFINITE_RECURSION = YES;
				CLANG_WARN_INT_CONVERSION = YES;
				CLANG_WARN_NON_LITERAL_NULL_CONVERSION = YES;
				CLANG_WARN_OBJC_IMPLICIT_RETAIN_SELF = YES;
				CLANG_WARN_OBJC_LITERAL_CONVERSION = YES;
				CLANG_WARN_OBJC_ROOT_CLASS = YES_ERROR;
				CLANG_WARN_QUOTED_INCLUDE_IN_FRAMEWORK_HEADER = YES;
				CLANG_WARN_RANGE_LOOP_ANALYSIS = YES;
				CLANG_WARN_STRICT_PROTOTYPES = YES;
				CLANG_WARN_SUSPICIOUS_MOVE = YES;
				CLANG_WARN_UNGUARDED_AVAILABILITY = YES_AGGRESSIVE;
				CLANG_WARN_UNREACHABLE_CODE = YES;
				CLANG_WARN__DUPLICATE_METHOD_MATCH = YES;
				COPY_PHASE_STRIP = NO;
				DEBUG_INFORMATION_FORMAT = dwarf;
				ENABLE_STRICT_OBJC_MSGSEND = YES;
				ENABLE_TESTABILITY = YES;
				GCC_C_LANGUAGE_STANDARD = gnu11;
				GCC_DYNAMIC_NO_PIC = NO;
				GCC_NO_COMMON_BLOCKS = YES;
				GCC_OPTIMIZATION_LEVEL = 0;
				GCC_PREPROCESSOR_DEFINITIONS = (
					"DEBUG=1",
					"$(inherited)",
				);
				GCC_WARN_64_TO_32_BIT_CONVERSION = YES;
				GCC_WARN_ABOUT_RETURN_TYPE = YES_ERROR;
				GCC_WARN_UNDECLARED_SELECTOR = YES;
				GCC_WARN_UNINITIALIZED_AUTOS = YES_AGGRESSIVE;
				GCC_WARN_UNUSED_FUNCTION = YES;
				GCC_WARN_UNUSED_VARIABLE = YES;
				IPHONEOS_DEPLOYMENT_TARGET = 15.5;
				MTL_ENABLE_DEBUG_INFO = INCLUDE_SOURCE;
				MTL_FAST_MATH = YES;
				ONLY_ACTIVE_ARCH = YES;
				SDKROOT = iphoneos;
				SWIFT_ACTIVE_COMPILATION_CONDITIONS = DEBUG;
				SWIFT_OPTIMIZATION_LEVEL = "-Onone";
			};
			name = Debug;
		};
		8570320728BF344800D25CAB /* Release */ = {
			isa = XCBuildConfiguration;
			buildSettings = {
				ALWAYS_SEARCH_USER_PATHS = NO;
				CLANG_ANALYZER_NONNULL = YES;
				CLANG_ANALYZER_NUMBER_OBJECT_CONVERSION = YES_AGGRESSIVE;
				CLANG_CXX_LANGUAGE_STANDARD = "gnu++17";
				CLANG_ENABLE_MODULES = YES;
				CLANG_ENABLE_OBJC_ARC = YES;
				CLANG_ENABLE_OBJC_WEAK = YES;
				CLANG_WARN_BLOCK_CAPTURE_AUTORELEASING = YES;
				CLANG_WARN_BOOL_CONVERSION = YES;
				CLANG_WARN_COMMA = YES;
				CLANG_WARN_CONSTANT_CONVERSION = YES;
				CLANG_WARN_DEPRECATED_OBJC_IMPLEMENTATIONS = YES;
				CLANG_WARN_DIRECT_OBJC_ISA_USAGE = YES_ERROR;
				CLANG_WARN_DOCUMENTATION_COMMENTS = YES;
				CLANG_WARN_EMPTY_BODY = YES;
				CLANG_WARN_ENUM_CONVERSION = YES;
				CLANG_WARN_INFINITE_RECURSION = YES;
				CLANG_WARN_INT_CONVERSION = YES;
				CLANG_WARN_NON_LITERAL_NULL_CONVERSION = YES;
				CLANG_WARN_OBJC_IMPLICIT_RETAIN_SELF = YES;
				CLANG_WARN_OBJC_LITERAL_CONVERSION = YES;
				CLANG_WARN_OBJC_ROOT_CLASS = YES_ERROR;
				CLANG_WARN_QUOTED_INCLUDE_IN_FRAMEWORK_HEADER = YES;
				CLANG_WARN_RANGE_LOOP_ANALYSIS = YES;
				CLANG_WARN_STRICT_PROTOTYPES = YES;
				CLANG_WARN_SUSPICIOUS_MOVE = YES;
				CLANG_WARN_UNGUARDED_AVAILABILITY = YES_AGGRESSIVE;
				CLANG_WARN_UNREACHABLE_CODE = YES;
				CLANG_WARN__DUPLICATE_METHOD_MATCH = YES;
				COPY_PHASE_STRIP = NO;
				DEBUG_INFORMATION_FORMAT = "dwarf-with-dsym";
				ENABLE_NS_ASSERTIONS = NO;
				ENABLE_STRICT_OBJC_MSGSEND = YES;
				GCC_C_LANGUAGE_STANDARD = gnu11;
				GCC_NO_COMMON_BLOCKS = YES;
				GCC_WARN_64_TO_32_BIT_CONVERSION = YES;
				GCC_WARN_ABOUT_RETURN_TYPE = YES_ERROR;
				GCC_WARN_UNDECLARED_SELECTOR = YES;
				GCC_WARN_UNINITIALIZED_AUTOS = YES_AGGRESSIVE;
				GCC_WARN_UNUSED_FUNCTION = YES;
				GCC_WARN_UNUSED_VARIABLE = YES;
				IPHONEOS_DEPLOYMENT_TARGET = 15.5;
				MTL_ENABLE_DEBUG_INFO = NO;
				MTL_FAST_MATH = YES;
				SDKROOT = iphoneos;
				SWIFT_COMPILATION_MODE = wholemodule;
				SWIFT_OPTIMIZATION_LEVEL = "-O";
				VALIDATE_PRODUCT = YES;
			};
			name = Release;
		};
		8570320928BF344800D25CAB /* Debug */ = {
			isa = XCBuildConfiguration;
			buildSettings = {
				ASSETCATALOG_COMPILER_APPICON_NAME = AppIcon;
				ASSETCATALOG_COMPILER_GLOBAL_ACCENT_COLOR_NAME = AccentColor;
				CODE_SIGN_STYLE = Automatic;
				CURRENT_PROJECT_VERSION = 1;
				DEVELOPMENT_TEAM = 3K4KWAG7KD;
				GENERATE_INFOPLIST_FILE = YES;
				INFOPLIST_FILE = MemoApp/Info.plist;
				INFOPLIST_KEY_CFBundleDisplayName = "홍석준";
				INFOPLIST_KEY_UIApplicationSupportsIndirectInputEvents = YES;
				INFOPLIST_KEY_UILaunchStoryboardName = LaunchScreen;
				INFOPLIST_KEY_UIMainStoryboardFile = Main;
				INFOPLIST_KEY_UISupportedInterfaceOrientations = UIInterfaceOrientationPortrait;
				INFOPLIST_KEY_UISupportedInterfaceOrientations_iPad = "UIInterfaceOrientationPortrait UIInterfaceOrientationPortraitUpsideDown UIInterfaceOrientationLandscapeLeft UIInterfaceOrientationLandscapeRight";
				INFOPLIST_KEY_UISupportedInterfaceOrientations_iPhone = "UIInterfaceOrientationPortrait UIInterfaceOrientationLandscapeLeft UIInterfaceOrientationLandscapeRight";
				IPHONEOS_DEPLOYMENT_TARGET = 14.0;
				LD_RUNPATH_SEARCH_PATHS = (
					"$(inherited)",
					"@executable_path/Frameworks",
				);
				MARKETING_VERSION = 1.0;
				PRODUCT_BUNDLE_IDENTIFIER = com.hano.MemoApp;
				PRODUCT_NAME = "$(TARGET_NAME)";
				SUPPORTED_PLATFORMS = "iphoneos iphonesimulator";
				SUPPORTS_MACCATALYST = NO;
				SUPPORTS_MAC_DESIGNED_FOR_IPHONE_IPAD = NO;
				SWIFT_EMIT_LOC_STRINGS = YES;
				SWIFT_VERSION = 5.0;
				TARGETED_DEVICE_FAMILY = 1;
			};
			name = Debug;
		};
		8570320A28BF344800D25CAB /* Release */ = {
			isa = XCBuildConfiguration;
			buildSettings = {
				ASSETCATALOG_COMPILER_APPICON_NAME = AppIcon;
				ASSETCATALOG_COMPILER_GLOBAL_ACCENT_COLOR_NAME = AccentColor;
				CODE_SIGN_STYLE = Automatic;
				CURRENT_PROJECT_VERSION = 1;
				DEVELOPMENT_TEAM = 3K4KWAG7KD;
				GENERATE_INFOPLIST_FILE = YES;
				INFOPLIST_FILE = MemoApp/Info.plist;
				INFOPLIST_KEY_CFBundleDisplayName = "홍석준";
				INFOPLIST_KEY_UIApplicationSupportsIndirectInputEvents = YES;
				INFOPLIST_KEY_UILaunchStoryboardName = LaunchScreen;
				INFOPLIST_KEY_UIMainStoryboardFile = Main;
				INFOPLIST_KEY_UISupportedInterfaceOrientations = UIInterfaceOrientationPortrait;
				INFOPLIST_KEY_UISupportedInterfaceOrientations_iPad = "UIInterfaceOrientationPortrait UIInterfaceOrientationPortraitUpsideDown UIInterfaceOrientationLandscapeLeft UIInterfaceOrientationLandscapeRight";
				INFOPLIST_KEY_UISupportedInterfaceOrientations_iPhone = "UIInterfaceOrientationPortrait UIInterfaceOrientationLandscapeLeft UIInterfaceOrientationLandscapeRight";
				IPHONEOS_DEPLOYMENT_TARGET = 14.0;
				LD_RUNPATH_SEARCH_PATHS = (
					"$(inherited)",
					"@executable_path/Frameworks",
				);
				MARKETING_VERSION = 1.0;
				PRODUCT_BUNDLE_IDENTIFIER = com.hano.MemoApp;
				PRODUCT_NAME = "$(TARGET_NAME)";
				SUPPORTED_PLATFORMS = "iphoneos iphonesimulator";
				SUPPORTS_MACCATALYST = NO;
				SUPPORTS_MAC_DESIGNED_FOR_IPHONE_IPAD = NO;
				SWIFT_EMIT_LOC_STRINGS = YES;
				SWIFT_VERSION = 5.0;
				TARGETED_DEVICE_FAMILY = 1;
			};
			name = Release;
		};
/* End XCBuildConfiguration section */

/* Begin XCConfigurationList section */
		857031EF28BF344800D25CAB /* Build configuration list for PBXProject "MemoApp" */ = {
			isa = XCConfigurationList;
			buildConfigurations = (
				8570320628BF344800D25CAB /* Debug */,
				8570320728BF344800D25CAB /* Release */,
			);
			defaultConfigurationIsVisible = 0;
			defaultConfigurationName = Release;
		};
		8570320828BF344800D25CAB /* Build configuration list for PBXNativeTarget "MemoApp" */ = {
			isa = XCConfigurationList;
			buildConfigurations = (
				8570320928BF344800D25CAB /* Debug */,
				8570320A28BF344800D25CAB /* Release */,
			);
			defaultConfigurationIsVisible = 0;
			defaultConfigurationName = Release;
		};
/* End XCConfigurationList section */

/* Begin XCRemoteSwiftPackageReference section */
		8570321528BF3EB200D25CAB /* XCRemoteSwiftPackageReference "SnapKit" */ = {
			isa = XCRemoteSwiftPackageReference;
			repositoryURL = "https://github.com/SnapKit/SnapKit.git";
			requirement = {
				kind = upToNextMajorVersion;
				minimumVersion = 5.0.0;
			};
		};
		85EE9D5E28C0E40300BFA754 /* XCRemoteSwiftPackageReference "realm-swift" */ = {
			isa = XCRemoteSwiftPackageReference;
			repositoryURL = "https://github.com/realm/realm-swift.git";
			requirement = {
				kind = upToNextMajorVersion;
				minimumVersion = 10.0.0;
			};
		};
/* End XCRemoteSwiftPackageReference section */

/* Begin XCSwiftPackageProductDependency section */
		8570321628BF3EB200D25CAB /* SnapKit */ = {
			isa = XCSwiftPackageProductDependency;
			package = 8570321528BF3EB200D25CAB /* XCRemoteSwiftPackageReference "SnapKit" */;
			productName = SnapKit;
		};
		85EE9D5F28C0E40300BFA754 /* Realm */ = {
			isa = XCSwiftPackageProductDependency;
			package = 85EE9D5E28C0E40300BFA754 /* XCRemoteSwiftPackageReference "realm-swift" */;
			productName = Realm;
		};
		85EE9D6128C0E40300BFA754 /* RealmSwift */ = {
			isa = XCSwiftPackageProductDependency;
			package = 85EE9D5E28C0E40300BFA754 /* XCRemoteSwiftPackageReference "realm-swift" */;
			productName = RealmSwift;
		};
/* End XCSwiftPackageProductDependency section */
	};
	rootObject = 857031EC28BF344800D25CAB /* Project object */;
}
